
Microsoft Visual Studio Solution File, Format Version 12.00
# Visual Studio Version 17
VisualStudioVersion = 17.14.36518.9
MinimumVisualStudioVersion = 10.0.40219.1
Project("{FAE04EC0-301F-11D3-BF4B-00C04F79EFBC}") = "SoruCevapPortali", "SoruCevapPortali\SoruCevapPortali.csproj", "{6B7E92C1-202F-4BF5-87F4-705DE20C631F}"
EndProject
Global
	GlobalSection(SolutionConfigurationPlatforms) = preSolution
		Debug|Any CPU = Debug|Any CPU
		Release|Any CPU = Release|Any CPU
	EndGlobalSection
	GlobalSection(ProjectConfigurationPlatforms) = postSolution
		{6B7E92C1-202F-4BF5-87F4-705DE20C631F}.Debug|Any CPU.ActiveCfg = Debug|Any CPU
		{6B7E92C1-202F-4BF5-87F4-705DE20C631F}.Debug|Any CPU.Build.0 = Debug|Any CPU
		{6B7E92C1-202F-4BF5-87F4-705DE20C631F}.Release|Any CPU.ActiveCfg = Release|Any CPU
		{6B7E92C1-202F-4BF5-87F4-705DE20C631F}.Release|Any CPU.Build.0 = Release|Any CPU
	EndGlobalSection
	GlobalSection(SolutionProperties) = preSolution
		HideSolutionNode = FALSE
	EndGlobalSection
	GlobalSection(ExtensibilityGlobals) = postSolution
		SolutionGuid = {E631DC08-6A56-4EC8-872C-8D5C3AEFB034}
	EndGlobalSection
EndGlobal
